
Microsoft Visual Studio Solution File, Format Version 11.00
# Visual Studio 2010
Project("{FAE04EC0-301F-11D3-BF4B-00C04F79EFBC}") = "YouComponentBindUnity", "Assembly-CSharp-firstpass.csproj", "{A8CB06E6-6DDD-F397-BDEB-C6B0F56FF0CA}"
EndProject
Project("{FAE04EC0-301F-11D3-BF4B-00C04F79EFBC}") = "YouComponentBindUnity", "Assembly-CSharp-Editor-firstpass.csproj", "{7600F1CD-F07A-6F9C-1001-773B64DC1450}"
EndProject
Global
	GlobalSection(SolutionConfigurationPlatforms) = preSolution
		Debug|Any CPU = Debug|Any CPU
		Release|Any CPU = Release|Any CPU
	EndGlobalSection
	GlobalSection(ProjectConfigurationPlatforms) = postSolution
		{A8CB06E6-6DDD-F397-BDEB-C6B0F56FF0CA}.Debug|Any CPU.ActiveCfg = Debug|Any CPU
		{A8CB06E6-6DDD-F397-BDEB-C6B0F56FF0CA}.Debug|Any CPU.Build.0 = Debug|Any CPU
		{A8CB06E6-6DDD-F397-BDEB-C6B0F56FF0CA}.Release|Any CPU.ActiveCfg = Release|Any CPU
		{A8CB06E6-6DDD-F397-BDEB-C6B0F56FF0CA}.Release|Any CPU.Build.0 = Release|Any CPU
		{7600F1CD-F07A-6F9C-1001-773B64DC1450}.Debug|Any CPU.ActiveCfg = Debug|Any CPU
		{7600F1CD-F07A-6F9C-1001-773B64DC1450}.Debug|Any CPU.Build.0 = Debug|Any CPU
		{7600F1CD-F07A-6F9C-1001-773B64DC1450}.Release|Any CPU.ActiveCfg = Release|Any CPU
		{7600F1CD-F07A-6F9C-1001-773B64DC1450}.Release|Any CPU.Build.0 = Release|Any CPU
	EndGlobalSection
	GlobalSection(SolutionProperties) = preSolution
		HideSolutionNode = FALSE
	EndGlobalSection
	GlobalSection(MonoDevelopProperties) = preSolution
		StartupItem = Assembly-CSharp.csproj
	EndGlobalSection
EndGlobal
