
Microsoft Visual Studio Solution File, Format Version 11.00
# Visual Studio 2010
Project("{FAE04EC0-301F-11D3-BF4B-00C04F79EFBC}") = "Assembly-CSharp-firstpass", "Assembly-CSharp-firstpass.csproj", "{e606cba8-dd6d-97f3-bdeb-c6b0f56ff0ca}"
EndProject
Project("{FAE04EC0-301F-11D3-BF4B-00C04F79EFBC}") = "Assembly-CSharp", "Assembly-CSharp.csproj", "{d8d47e9c-a306-2e97-f1ca-e5c711bec4b7}"
EndProject
Project("{FAE04EC0-301F-11D3-BF4B-00C04F79EFBC}") = "Assembly-CSharp-Editor-firstpass", "Assembly-CSharp-Editor-firstpass.csproj", "{cdf10076-7af0-9c6f-1001-773b64dc1450}"
EndProject
Global
	GlobalSection(SolutionConfigurationPlatforms) = preSolution
		Debug|Any CPU = Debug|Any CPU
	EndGlobalSection
	GlobalSection(ProjectConfigurationPlatforms) = postSolution
		{e606cba8-dd6d-97f3-bdeb-c6b0f56ff0ca}.Debug|Any CPU.ActiveCfg = Debug|Any CPU
		{e606cba8-dd6d-97f3-bdeb-c6b0f56ff0ca}.Debug|Any CPU.Build.0 = Debug|Any CPU
		{d8d47e9c-a306-2e97-f1ca-e5c711bec4b7}.Debug|Any CPU.ActiveCfg = Debug|Any CPU
		{d8d47e9c-a306-2e97-f1ca-e5c711bec4b7}.Debug|Any CPU.Build.0 = Debug|Any CPU
		{cdf10076-7af0-9c6f-1001-773b64dc1450}.Debug|Any CPU.ActiveCfg = Debug|Any CPU
		{cdf10076-7af0-9c6f-1001-773b64dc1450}.Debug|Any CPU.Build.0 = Debug|Any CPU
	EndGlobalSection
	GlobalSection(SolutionProperties) = preSolution
		HideSolutionNode = FALSE
	EndGlobalSection
EndGlobal
